
Microsoft Visual Studio Solution File, Format Version 12.00
# Visual Studio Version 17
VisualStudioVersion = 17.1.31911.260
MinimumVisualStudioVersion = 10.0.40219.1
Project("{9A19103F-16F7-4668-BE54-9A1E7A4F7556}") = "AoC2021", "AoC2021\AoC2021.csproj", "{B8F6EEDB-E18D-4787-AC77-F49D60F57D82}"
EndProject
Project("{FAE04EC0-301F-11D3-BF4B-00C04F79EFBC}") = "AoC2021Tests", "AoC2021Tests\AoC2021Tests.csproj", "{414C9DAE-0AEB-4B56-A4D2-25616805C253}"
EndProject
Global
	GlobalSection(SolutionConfigurationPlatforms) = preSolution
		Debug|Any CPU = Debug|Any CPU
		Release|Any CPU = Release|Any CPU
	EndGlobalSection
	GlobalSection(ProjectConfigurationPlatforms) = postSolution
		{B8F6EEDB-E18D-4787-AC77-F49D60F57D82}.Debug|Any CPU.ActiveCfg = Debug|Any CPU
		{B8F6EEDB-E18D-4787-AC77-F49D60F57D82}.Debug|Any CPU.Build.0 = Debug|Any CPU
		{B8F6EEDB-E18D-4787-AC77-F49D60F57D82}.Release|Any CPU.ActiveCfg = Release|Any CPU
		{B8F6EEDB-E18D-4787-AC77-F49D60F57D82}.Release|Any CPU.Build.0 = Release|Any CPU
		{414C9DAE-0AEB-4B56-A4D2-25616805C253}.Debug|Any CPU.ActiveCfg = Debug|Any CPU
		{414C9DAE-0AEB-4B56-A4D2-25616805C253}.Debug|Any CPU.Build.0 = Debug|Any CPU
		{414C9DAE-0AEB-4B56-A4D2-25616805C253}.Release|Any CPU.ActiveCfg = Release|Any CPU
		{414C9DAE-0AEB-4B56-A4D2-25616805C253}.Release|Any CPU.Build.0 = Release|Any CPU
	EndGlobalSection
	GlobalSection(SolutionProperties) = preSolution
		HideSolutionNode = FALSE
	EndGlobalSection
	GlobalSection(ExtensibilityGlobals) = postSolution
		SolutionGuid = {A519A056-8C22-4239-B7B9-B90CC7C15031}
	EndGlobalSection
EndGlobal
